
Microsoft Visual Studio Solution File, Format Version 12.00
# Visual Studio 15
VisualStudioVersion = 15.0.27428.2037
MinimumVisualStudioVersion = 10.0.40219.1
Project("{9092AA53-FB77-4645-B42D-1CCCA6BD08BD}") = "DemoExpressApp", "DemoExpressApp\DemoExpressApp.njsproj", "{9986E8D3-CC4C-41CE-A122-1B6E299530FE}"
EndProject
Global
	GlobalSection(SolutionConfigurationPlatforms) = preSolution
		Debug|Any CPU = Debug|Any CPU
		Release|Any CPU = Release|Any CPU
	EndGlobalSection
	GlobalSection(ProjectConfigurationPlatforms) = postSolution
		{9986E8D3-CC4C-41CE-A122-1B6E299530FE}.Debug|Any CPU.ActiveCfg = Debug|Any CPU
		{9986E8D3-CC4C-41CE-A122-1B6E299530FE}.Debug|Any CPU.Build.0 = Debug|Any CPU
		{9986E8D3-CC4C-41CE-A122-1B6E299530FE}.Release|Any CPU.ActiveCfg = Release|Any CPU
		{9986E8D3-CC4C-41CE-A122-1B6E299530FE}.Release|Any CPU.Build.0 = Release|Any CPU
	EndGlobalSection
	GlobalSection(SolutionProperties) = preSolution
		HideSolutionNode = FALSE
	EndGlobalSection
	GlobalSection(ExtensibilityGlobals) = postSolution
		SolutionGuid = {AF7FB0C2-96DD-4B8B-9DE1-1F27610C8E28}
	EndGlobalSection
EndGlobal
